
Microsoft Visual Studio Solution File, Format Version 12.00
# Visual Studio Version 17
VisualStudioVersion = 17.1.32228.430
MinimumVisualStudioVersion = 10.0.40219.1
Project("{9A19103F-16F7-4668-BE54-9A1E7A4F7556}") = "DataAccess", "DataAccess\DataAccess.csproj", "{6CAA6782-6B4D-42AF-90F6-4D435ACDCE56}"
EndProject
Project("{9A19103F-16F7-4668-BE54-9A1E7A4F7556}") = "CountryPublicHolidayWebApi", "CountryPublicHolidayWebApi\CountryPublicHolidayWebApi.csproj", "{75016106-326B-4DD5-9035-AE361B3F4188}"
EndProject
Project("{FAE04EC0-301F-11D3-BF4B-00C04F79EFBC}") = "CountryPublicHolidayWebApi.Test", "..\CountryPublicHolidayWebApi.Test\CountryPublicHolidayWebApi.Test.csproj", "{985101BB-E12D-46F2-B224-7BD6A1A5F2C7}"
EndProject
Global
	GlobalSection(SolutionConfigurationPlatforms) = preSolution
		Debug|Any CPU = Debug|Any CPU
		Release|Any CPU = Release|Any CPU
	EndGlobalSection
	GlobalSection(ProjectConfigurationPlatforms) = postSolution
		{6CAA6782-6B4D-42AF-90F6-4D435ACDCE56}.Debug|Any CPU.ActiveCfg = Debug|Any CPU
		{6CAA6782-6B4D-42AF-90F6-4D435ACDCE56}.Debug|Any CPU.Build.0 = Debug|Any CPU
		{6CAA6782-6B4D-42AF-90F6-4D435ACDCE56}.Release|Any CPU.ActiveCfg = Release|Any CPU
		{6CAA6782-6B4D-42AF-90F6-4D435ACDCE56}.Release|Any CPU.Build.0 = Release|Any CPU
		{75016106-326B-4DD5-9035-AE361B3F4188}.Debug|Any CPU.ActiveCfg = Debug|Any CPU
		{75016106-326B-4DD5-9035-AE361B3F4188}.Debug|Any CPU.Build.0 = Debug|Any CPU
		{75016106-326B-4DD5-9035-AE361B3F4188}.Release|Any CPU.ActiveCfg = Release|Any CPU
		{75016106-326B-4DD5-9035-AE361B3F4188}.Release|Any CPU.Build.0 = Release|Any CPU
		{985101BB-E12D-46F2-B224-7BD6A1A5F2C7}.Debug|Any CPU.ActiveCfg = Debug|Any CPU
		{985101BB-E12D-46F2-B224-7BD6A1A5F2C7}.Debug|Any CPU.Build.0 = Debug|Any CPU
		{985101BB-E12D-46F2-B224-7BD6A1A5F2C7}.Release|Any CPU.ActiveCfg = Release|Any CPU
		{985101BB-E12D-46F2-B224-7BD6A1A5F2C7}.Release|Any CPU.Build.0 = Release|Any CPU
	EndGlobalSection
	GlobalSection(SolutionProperties) = preSolution
		HideSolutionNode = FALSE
	EndGlobalSection
	GlobalSection(ExtensibilityGlobals) = postSolution
		SolutionGuid = {390502F0-5E7C-4FDC-A4E8-FF72C5E23C4B}
	EndGlobalSection
EndGlobal
